// !$*UTF8*$!
{
	archiveVersion = 1;
	classes = {
	};
	objectVersion = 50;
	objects = {

/* Begin PBXBuildFile section */
		18499BE32421E65F00F8D0EB /* SignUpViewController.swift in Sources */ = {isa = PBXBuildFile; fileRef = 18499BE22421E65F00F8D0EB /* SignUpViewController.swift */; };
		18499BE52421EDB000F8D0EB /* HomeViewController.swift in Sources */ = {isa = PBXBuildFile; fileRef = 18499BE42421EDB000F8D0EB /* HomeViewController.swift */; };
		18499BE72421F77B00F8D0EB /* DistrictViewController.swift in Sources */ = {isa = PBXBuildFile; fileRef = 18499BE62421F77B00F8D0EB /* DistrictViewController.swift */; };
		184F306D2422363E00A165BC /* Splash.storyboard in Resources */ = {isa = PBXBuildFile; fileRef = 184F306C2422363E00A165BC /* Splash.storyboard */; };
		18AB4DA82421E0EC00115530 /* AppDelegate.swift in Sources */ = {isa = PBXBuildFile; fileRef = 18AB4DA72421E0EC00115530 /* AppDelegate.swift */; };
		18AB4DAA2421E0EC00115530 /* SceneDelegate.swift in Sources */ = {isa = PBXBuildFile; fileRef = 18AB4DA92421E0EC00115530 /* SceneDelegate.swift */; };
		18AB4DAC2421E0EC00115530 /* LoginVC.swift in Sources */ = {isa = PBXBuildFile; fileRef = 18AB4DAB2421E0EC00115530 /* LoginVC.swift */; };
		18AB4DAF2421E0EC00115530 /* Main.storyboard in Resources */ = {isa = PBXBuildFile; fileRef = 18AB4DAD2421E0EC00115530 /* Main.storyboard */; };
		18AB4DB12421E0EE00115530 /* Assets.xcassets in Resources */ = {isa = PBXBuildFile; fileRef = 18AB4DB02421E0EE00115530 /* Assets.xcassets */; };
		18AB4DB42421E0EE00115530 /* LaunchScreen.storyboard in Resources */ = {isa = PBXBuildFile; fileRef = 18AB4DB22421E0EE00115530 /* LaunchScreen.storyboard */; };
/* End PBXBuildFile section */

/* Begin PBXFileReference section */
		18499BE22421E65F00F8D0EB /* SignUpViewController.swift */ = {isa = PBXFileReference; lastKnownFileType = sourcecode.swift; path = SignUpViewController.swift; sourceTree = "<group>"; };
		18499BE42421EDB000F8D0EB /* HomeViewController.swift */ = {isa = PBXFileReference; lastKnownFileType = sourcecode.swift; path = HomeViewController.swift; sourceTree = "<group>"; };
		18499BE62421F77B00F8D0EB /* DistrictViewController.swift */ = {isa = PBXFileReference; lastKnownFileType = sourcecode.swift; path = DistrictViewController.swift; sourceTree = "<group>"; };
		184F306C2422363E00A165BC /* Splash.storyboard */ = {isa = PBXFileReference; lastKnownFileType = file.storyboard; path = Splash.storyboard; sourceTree = "<group>"; };
		18AB4DA42421E0EC00115530 /* iWeatherBD.app */ = {isa = PBXFileReference; explicitFileType = wrapper.application; includeInIndex = 0; path = iWeatherBD.app; sourceTree = BUILT_PRODUCTS_DIR; };
		18AB4DA72421E0EC00115530 /* AppDelegate.swift */ = {isa = PBXFileReference; lastKnownFileType = sourcecode.swift; path = AppDelegate.swift; sourceTree = "<group>"; };
		18AB4DA92421E0EC00115530 /* SceneDelegate.swift */ = {isa = PBXFileReference; lastKnownFileType = sourcecode.swift; path = SceneDelegate.swift; sourceTree = "<group>"; };
		18AB4DAB2421E0EC00115530 /* LoginVC.swift */ = {isa = PBXFileReference; lastKnownFileType = sourcecode.swift; path = LoginVC.swift; sourceTree = "<group>"; };
		18AB4DAE2421E0EC00115530 /* Base */ = {isa = PBXFileReference; lastKnownFileType = file.storyboard; name = Base; path = Base.lproj/Main.storyboard; sourceTree = "<group>"; };
		18AB4DB02421E0EE00115530 /* Assets.xcassets */ = {isa = PBXFileReference; lastKnownFileType = folder.assetcatalog; path = Assets.xcassets; sourceTree = "<group>"; };
		18AB4DB32421E0EE00115530 /* Base */ = {isa = PBXFileReference; lastKnownFileType = file.storyboard; name = Base; path = Base.lproj/LaunchScreen.storyboard; sourceTree = "<group>"; };
		18AB4DB52421E0EE00115530 /* Info.plist */ = {isa = PBXFileReference; lastKnownFileType = text.plist.xml; path = Info.plist; sourceTree = "<group>"; };
/* End PBXFileReference section */

/* Begin PBXFrameworksBuildPhase section */
		18AB4DA12421E0EC00115530 /* Frameworks */ = {
			isa = PBXFrameworksBuildPhase;
			buildActionMask = 2147483647;
			files = (
			);
			runOnlyForDeploymentPostprocessing = 0;
		};
/* End PBXFrameworksBuildPhase section */

/* Begin PBXGroup section */
		18AB4D9B2421E0EC00115530 = {
			isa = PBXGroup;
			children = (
				18AB4DA62421E0EC00115530 /* iWeatherBD */,
				18AB4DA52421E0EC00115530 /* Products */,
			);
			sourceTree = "<group>";
		};
		18AB4DA52421E0EC00115530 /* Products */ = {
			isa = PBXGroup;
			children = (
				18AB4DA42421E0EC00115530 /* iWeatherBD.app */,
			);
			name = Products;
			sourceTree = "<group>";
		};
		18AB4DA62421E0EC00115530 /* iWeatherBD */ = {
			isa = PBXGroup;
			children = (
				18AB4DA72421E0EC00115530 /* AppDelegate.swift */,
				18AB4DA92421E0EC00115530 /* SceneDelegate.swift */,
				18AB4DAB2421E0EC00115530 /* LoginVC.swift */,
				18AB4DAD2421E0EC00115530 /* Main.storyboard */,
				18499BE62421F77B00F8D0EB /* DistrictViewController.swift */,
				18499BE42421EDB000F8D0EB /* HomeViewController.swift */,
				18499BE22421E65F00F8D0EB /* SignUpViewController.swift */,
				18AB4DB02421E0EE00115530 /* Assets.xcassets */,
				18AB4DB22421E0EE00115530 /* LaunchScreen.storyboard */,
				18AB4DB52421E0EE00115530 /* Info.plist */,
				184F306C2422363E00A165BC /* Splash.storyboard */,
			);
			path = iWeatherBD;
			sourceTree = "<group>";
		};
/* End PBXGroup section */

/* Begin PBXNativeTarget section */
		18AB4DA32421E0EC00115530 /* iWeatherBD */ = {
			isa = PBXNativeTarget;
			buildConfigurationList = 18AB4DB82421E0EE00115530 /* Build configuration list for PBXNativeTarget "iWeatherBD" */;
			buildPhases = (
				18AB4DA02421E0EC00115530 /* Sources */,
				18AB4DA12421E0EC00115530 /* Frameworks */,
				18AB4DA22421E0EC00115530 /* Resources */,
			);
			buildRules = (
			);
			dependencies = (
			);
			name = iWeatherBD;
			productName = iWeatherBD;
			productReference = 18AB4DA42421E0EC00115530 /* iWeatherBD.app */;
			productType = "com.apple.product-type.application";
		};
/* End PBXNativeTarget section */

/* Begin PBXProject section */
		18AB4D9C2421E0EC00115530 /* Project object */ = {
			isa = PBXProject;
			attributes = {
				LastSwiftUpdateCheck = 1130;
				LastUpgradeCheck = 1130;
				ORGANIZATIONNAME = "Apple MacBook Pro ";
				TargetAttributes = {
					18AB4DA32421E0EC00115530 = {
						CreatedOnToolsVersion = 11.3.1;
					};
				};
			};
			buildConfigurationList = 18AB4D9F2421E0EC00115530 /* Build configuration list for PBXProject "iWeatherBD" */;
			compatibilityVersion = "Xcode 9.3";
			developmentRegion = en;
			hasScannedForEncodings = 0;
			knownRegions = (
				en,
				Base,
			);
			mainGroup = 18AB4D9B2421E0EC00115530;
			productRefGroup = 18AB4DA52421E0EC00115530 /* Products */;
			projectDirPath = "";
			projectRoot = "";
			targets = (
				18AB4DA32421E0EC00115530 /* iWeatherBD */,
			);
		};
/* End PBXProject section */

/* Begin PBXResourcesBuildPhase section */
		18AB4DA22421E0EC00115530 /* Resources */ = {
			isa = PBXResourcesBuildPhase;
			buildActionMask = 2147483647;
			files = (
				18AB4DB42421E0EE00115530 /* LaunchScreen.storyboard in Resources */,
				18AB4DB12421E0EE00115530 /* Assets.xcassets in Resources */,
				18AB4DAF2421E0EC00115530 /* Main.storyboard in Resources */,
				184F306D2422363E00A165BC /* Splash.storyboard in Resources */,
			);
			runOnlyForDeploymentPostprocessing = 0;
		};
/* End PBXResourcesBuildPhase section */

/* Begin PBXSourcesBuildPhase section */
		18AB4DA02421E0EC00115530 /* Sources */ = {
			isa = PBXSourcesBuildPhase;
			buildActionMask = 2147483647;
			files = (
				18499BE52421EDB000F8D0EB /* HomeViewController.swift in Sources */,
				18AB4DAC2421E0EC00115530 /* LoginVC.swift in Sources */,
				18499BE72421F77B00F8D0EB /* DistrictViewController.swift in Sources */,
				18AB4DA82421E0EC00115530 /* AppDelegate.swift in Sources */,
				18499BE32421E65F00F8D0EB /* SignUpViewController.swift in Sources */,
				18AB4DAA2421E0EC00115530 /* SceneDelegate.swift in Sources */,
			);
			runOnlyForDeploymentPostprocessing = 0;
		};
/* End PBXSourcesBuildPhase section */

/* Begin PBXVariantGroup section */
		18AB4DAD2421E0EC00115530 /* Main.storyboard */ = {
			isa = PBXVariantGroup;
			children = (
				18AB4DAE2421E0EC00115530 /* Base */,
			);
			name = Main.storyboard;
			sourceTree = "<group>";
		};
		18AB4DB22421E0EE00115530 /* LaunchScreen.storyboard */ = {
			isa = PBXVariantGroup;
			children = (
				18AB4DB32421E0EE00115530 /* Base */,
			);
			name = LaunchScreen.storyboard;
			sourceTree = "<group>";
		};
/* End PBXVariantGroup section */

/* Begin XCBuildConfiguration section */
		18AB4DB62421E0EE00115530 /* Debug */ = {
			isa = XCBuildConfiguration;
			buildSettings = {
				ALWAYS_SEARCH_USER_PATHS = NO;
				CLANG_ANALYZER_NONNULL = YES;
				CLANG_ANALYZER_NUMBER_OBJECT_CONVERSION = YES_AGGRESSIVE;
				CLANG_CXX_LANGUAGE_STANDARD = "gnu++14";
				CLANG_CXX_LIBRARY = "libc++";
				CLANG_ENABLE_MODULES = YES;
				CLANG_ENABLE_OBJC_ARC = YES;
				CLANG_ENABLE_OBJC_WEAK = YES;
				CLANG_WARN_BLOCK_CAPTURE_AUTORELEASING = YES;
				CLANG_WARN_BOOL_CONVERSION = YES;
				CLANG_WARN_COMMA = YES;
				CLANG_WARN_CONSTANT_CONVERSION = YES;
				CLANG_WARN_DEPRECATED_OBJC_IMPLEMENTATIONS = YES;
				CLANG_WARN_DIRECT_OBJC_ISA_USAGE = YES_ERROR;
				CLANG_WARN_DOCUMENTATION_COMMENTS = YES;
				CLANG_WARN_EMPTY_BODY = YES;
				CLANG_WARN_ENUM_CONVERSION = YES;
				CLANG_WARN_INFINITE_RECURSION = YES;
				CLANG_WARN_INT_CONVERSION = YES;
				CLANG_WARN_NON_LITERAL_NULL_CONVERSION = YES;
				CLANG_WARN_OBJC_IMPLICIT_RETAIN_SELF = YES;
				CLANG_WARN_OBJC_LITERAL_CONVERSION = YES;
				CLANG_WARN_OBJC_ROOT_CLASS = YES_ERROR;
				CLANG_WARN_RANGE_LOOP_ANALYSIS = YES;
				CLANG_WARN_STRICT_PROTOTYPES = YES;
				CLANG_WARN_SUSPICIOUS_MOVE = YES;
				CLANG_WARN_UNGUARDED_AVAILABILITY = YES_AGGRESSIVE;
				CLANG_WARN_UNREACHABLE_CODE = YES;
				CLANG_WARN__DUPLICATE_METHOD_MATCH = YES;
				COPY_PHASE_STRIP = NO;
				DEBUG_INFORMATION_FORMAT = dwarf;
				ENABLE_STRICT_OBJC_MSGSEND = YES;
				ENABLE_TESTABILITY = YES;
				GCC_C_LANGUAGE_STANDARD = gnu11;
				GCC_DYNAMIC_NO_PIC = NO;
				GCC_NO_COMMON_BLOCKS = YES;
				GCC_OPTIMIZATION_LEVEL = 0;
				GCC_PREPROCESSOR_DEFINITIONS = (
					"DEBUG=1",
					"$(inherited)",
				);
				GCC_WARN_64_TO_32_BIT_CONVERSION = YES;
				GCC_WARN_ABOUT_RETURN_TYPE = YES_ERROR;
				GCC_WARN_UNDECLARED_SELECTOR = YES;
				GCC_WARN_UNINITIALIZED_AUTOS = YES_AGGRESSIVE;
				GCC_WARN_UNUSED_FUNCTION = YES;
				GCC_WARN_UNUSED_VARIABLE = YES;
				IPHONEOS_DEPLOYMENT_TARGET = 13.2;
				MTL_ENABLE_DEBUG_INFO = INCLUDE_SOURCE;
				MTL_FAST_MATH = YES;
				ONLY_ACTIVE_ARCH = YES;
				SDKROOT = iphoneos;
				SWIFT_ACTIVE_COMPILATION_CONDITIONS = DEBUG;
				SWIFT_OPTIMIZATION_LEVEL = "-Onone";
			};
			name = Debug;
		};
		18AB4DB72421E0EE00115530 /* Release */ = {
			isa = XCBuildConfiguration;
			buildSettings = {
				ALWAYS_SEARCH_USER_PATHS = NO;
				CLANG_ANALYZER_NONNULL = YES;
				CLANG_ANALYZER_NUMBER_OBJECT_CONVERSION = YES_AGGRESSIVE;
				CLANG_CXX_LANGUAGE_STANDARD = "gnu++14";
				CLANG_CXX_LIBRARY = "libc++";
				CLANG_ENABLE_MODULES = YES;
				CLANG_ENABLE_OBJC_ARC = YES;
				CLANG_ENABLE_OBJC_WEAK = YES;
				CLANG_WARN_BLOCK_CAPTURE_AUTORELEASING = YES;
				CLANG_WARN_BOOL_CONVERSION = YES;
				CLANG_WARN_COMMA = YES;
				CLANG_WARN_CONSTANT_CONVERSION = YES;
				CLANG_WARN_DEPRECATED_OBJC_IMPLEMENTATIONS = YES;
				CLANG_WARN_DIRECT_OBJC_ISA_USAGE = YES_ERROR;
				CLANG_WARN_DOCUMENTATION_COMMENTS = YES;
				CLANG_WARN_EMPTY_BODY = YES;
				CLANG_WARN_ENUM_CONVERSION = YES;
				CLANG_WARN_INFINITE_RECURSION = YES;
				CLANG_WARN_INT_CONVERSION = YES;
				CLANG_WARN_NON_LITERAL_NULL_CONVERSION = YES;
				CLANG_WARN_OBJC_IMPLICIT_RETAIN_SELF = YES;
				CLANG_WARN_OBJC_LITERAL_CONVERSION = YES;
				CLANG_WARN_OBJC_ROOT_CLASS = YES_ERROR;
				CLANG_WARN_RANGE_LOOP_ANALYSIS = YES;
				CLANG_WARN_STRICT_PROTOTYPES = YES;
				CLANG_WARN_SUSPICIOUS_MOVE = YES;
				CLANG_WARN_UNGUARDED_AVAILABILITY = YES_AGGRESSIVE;
				CLANG_WARN_UNREACHABLE_CODE = YES;
				CLANG_WARN__DUPLICATE_METHOD_MATCH = YES;
				COPY_PHASE_STRIP = NO;
				DEBUG_INFORMATION_FORMAT = "dwarf-with-dsym";
				ENABLE_NS_ASSERTIONS = NO;
				ENABLE_STRICT_OBJC_MSGSEND = YES;
				GCC_C_LANGUAGE_STANDARD = gnu11;
				GCC_NO_COMMON_BLOCKS = YES;
				GCC_WARN_64_TO_32_BIT_CONVERSION = YES;
				GCC_WARN_ABOUT_RETURN_TYPE = YES_ERROR;
				GCC_WARN_UNDECLARED_SELECTOR = YES;
				GCC_WARN_UNINITIALIZED_AUTOS = YES_AGGRESSIVE;
				GCC_WARN_UNUSED_FUNCTION = YES;
				GCC_WARN_UNUSED_VARIABLE = YES;
				IPHONEOS_DEPLOYMENT_TARGET = 13.2;
				MTL_ENABLE_DEBUG_INFO = NO;
				MTL_FAST_MATH = YES;
				SDKROOT = iphoneos;
				SWIFT_COMPILATION_MODE = wholemodule;
				SWIFT_OPTIMIZATION_LEVEL = "-O";
				VALIDATE_PRODUCT = YES;
			};
			name = Release;
		};
		18AB4DB92421E0EE00115530 /* Debug */ = {
			isa = XCBuildConfiguration;
			buildSettings = {
				ASSETCATALOG_COMPILER_APPICON_NAME = AppIcon;
				CODE_SIGN_STYLE = Automatic;
				INFOPLIST_FILE = iWeatherBD/Info.plist;
				LD_RUNPATH_SEARCH_PATHS = (
					"$(inherited)",
					"@executable_path/Frameworks",
				);
				PRODUCT_BUNDLE_IDENTIFIER = appView.iWeatherBD;
				PRODUCT_NAME = "$(TARGET_NAME)";
				SWIFT_VERSION = 5.0;
				TARGETED_DEVICE_FAMILY = "1,2";
			};
			name = Debug;
		};
		18AB4DBA2421E0EE00115530 /* Release */ = {
			isa = XCBuildConfiguration;
			buildSettings = {
				ASSETCATALOG_COMPILER_APPICON_NAME = AppIcon;
				CODE_SIGN_STYLE = Automatic;
				INFOPLIST_FILE = iWeatherBD/Info.plist;
				LD_RUNPATH_SEARCH_PATHS = (
					"$(inherited)",
					"@executable_path/Frameworks",
				);
				PRODUCT_BUNDLE_IDENTIFIER = appView.iWeatherBD;
				PRODUCT_NAME = "$(TARGET_NAME)";
				SWIFT_VERSION = 5.0;
				TARGETED_DEVICE_FAMILY = "1,2";
			};
			name = Release;
		};
/* End XCBuildConfiguration section */

/* Begin XCConfigurationList section */
		18AB4D9F2421E0EC00115530 /* Build configuration list for PBXProject "iWeatherBD" */ = {
			isa = XCConfigurationList;
			buildConfigurations = (
				18AB4DB62421E0EE00115530 /* Debug */,
				18AB4DB72421E0EE00115530 /* Release */,
			);
			defaultConfigurationIsVisible = 0;
			defaultConfigurationName = Release;
		};
		18AB4DB82421E0EE00115530 /* Build configuration list for PBXNativeTarget "iWeatherBD" */ = {
			isa = XCConfigurationList;
			buildConfigurations = (
				18AB4DB92421E0EE00115530 /* Debug */,
				18AB4DBA2421E0EE00115530 /* Release */,
			);
			defaultConfigurationIsVisible = 0;
			defaultConfigurationName = Release;
		};
/* End XCConfigurationList section */
	};
	rootObject = 18AB4D9C2421E0EC00115530 /* Project object */;
}
